
Microsoft Visual Studio Solution File, Format Version 12.00
# Visual Studio Version 17
VisualStudioVersion = 17.10.34916.146
MinimumVisualStudioVersion = 10.0.40219.1
Project("{FAE04EC0-301F-11D3-BF4B-00C04F79EFBC}") = "CleanArchMvc.Domain", "CleanArchMvc.Domain\CleanArchMvc.Domain.csproj", "{FCC380D0-A85F-453D-AF0E-35AB528DD5AE}"
EndProject
Project("{FAE04EC0-301F-11D3-BF4B-00C04F79EFBC}") = "CleanArchMvc.Application", "CleanArchMvc.Application\CleanArchMvc.Application.csproj", "{90036433-5643-4373-AC2D-130B6A4CE54C}"
EndProject
Project("{FAE04EC0-301F-11D3-BF4B-00C04F79EFBC}") = "CleanArchMvc.Infra.Data", "CleanArchMvc.Infra.Data\CleanArchMvc.Infra.Data.csproj", "{D947E919-8C4F-464B-A4CF-2C1010686BD9}"
EndProject
Project("{FAE04EC0-301F-11D3-BF4B-00C04F79EFBC}") = "CleanArchMvc.Infra.IoC", "CleanArchMvc.Infra.IoC\CleanArchMvc.Infra.IoC.csproj", "{2E4898AA-3B46-419F-876C-D32804062A89}"
EndProject
Project("{FAE04EC0-301F-11D3-BF4B-00C04F79EFBC}") = "CleanArchMvc.WebUI", "CleanArchMvc.WebUI\CleanArchMvc.WebUI.csproj", "{BFDC852E-D839-4C89-B70F-61933D3155AA}"
EndProject
Global
	GlobalSection(SolutionConfigurationPlatforms) = preSolution
		Debug|Any CPU = Debug|Any CPU
		Release|Any CPU = Release|Any CPU
	EndGlobalSection
	GlobalSection(ProjectConfigurationPlatforms) = postSolution
		{FCC380D0-A85F-453D-AF0E-35AB528DD5AE}.Debug|Any CPU.ActiveCfg = Debug|Any CPU
		{FCC380D0-A85F-453D-AF0E-35AB528DD5AE}.Debug|Any CPU.Build.0 = Debug|Any CPU
		{FCC380D0-A85F-453D-AF0E-35AB528DD5AE}.Release|Any CPU.ActiveCfg = Release|Any CPU
		{FCC380D0-A85F-453D-AF0E-35AB528DD5AE}.Release|Any CPU.Build.0 = Release|Any CPU
		{90036433-5643-4373-AC2D-130B6A4CE54C}.Debug|Any CPU.ActiveCfg = Debug|Any CPU
		{90036433-5643-4373-AC2D-130B6A4CE54C}.Debug|Any CPU.Build.0 = Debug|Any CPU
		{90036433-5643-4373-AC2D-130B6A4CE54C}.Release|Any CPU.ActiveCfg = Release|Any CPU
		{90036433-5643-4373-AC2D-130B6A4CE54C}.Release|Any CPU.Build.0 = Release|Any CPU
		{D947E919-8C4F-464B-A4CF-2C1010686BD9}.Debug|Any CPU.ActiveCfg = Debug|Any CPU
		{D947E919-8C4F-464B-A4CF-2C1010686BD9}.Debug|Any CPU.Build.0 = Debug|Any CPU
		{D947E919-8C4F-464B-A4CF-2C1010686BD9}.Release|Any CPU.ActiveCfg = Release|Any CPU
		{D947E919-8C4F-464B-A4CF-2C1010686BD9}.Release|Any CPU.Build.0 = Release|Any CPU
		{2E4898AA-3B46-419F-876C-D32804062A89}.Debug|Any CPU.ActiveCfg = Debug|Any CPU
		{2E4898AA-3B46-419F-876C-D32804062A89}.Debug|Any CPU.Build.0 = Debug|Any CPU
		{2E4898AA-3B46-419F-876C-D32804062A89}.Release|Any CPU.ActiveCfg = Release|Any CPU
		{2E4898AA-3B46-419F-876C-D32804062A89}.Release|Any CPU.Build.0 = Release|Any CPU
		{BFDC852E-D839-4C89-B70F-61933D3155AA}.Debug|Any CPU.ActiveCfg = Debug|Any CPU
		{BFDC852E-D839-4C89-B70F-61933D3155AA}.Debug|Any CPU.Build.0 = Debug|Any CPU
		{BFDC852E-D839-4C89-B70F-61933D3155AA}.Release|Any CPU.ActiveCfg = Release|Any CPU
		{BFDC852E-D839-4C89-B70F-61933D3155AA}.Release|Any CPU.Build.0 = Release|Any CPU
	EndGlobalSection
	GlobalSection(SolutionProperties) = preSolution
		HideSolutionNode = FALSE
	EndGlobalSection
	GlobalSection(ExtensibilityGlobals) = postSolution
		SolutionGuid = {ED075DA2-1F42-4D3D-B0DD-62EDCC2A23B2}
	EndGlobalSection
EndGlobal
